
Microsoft Visual Studio Solution File, Format Version 12.00
# Visual Studio Version 17
VisualStudioVersion = 17.11.35222.181
MinimumVisualStudioVersion = 10.0.40219.1
Project("{9A19103F-16F7-4668-BE54-9A1E7A4F7556}") = "CustomInteriorRate", "CustomInteriorRate.csproj", "{49DF2132-1494-4141-90D0-D606795F27E6}"
EndProject
Global
	GlobalSection(SolutionConfigurationPlatforms) = preSolution
		Debug|Any CPU = Debug|Any CPU
		Release|Any CPU = Release|Any CPU
	EndGlobalSection
	GlobalSection(ProjectConfigurationPlatforms) = postSolution
		{49DF2132-1494-4141-90D0-D606795F27E6}.Debug|Any CPU.ActiveCfg = Release|Any CPU
		{49DF2132-1494-4141-90D0-D606795F27E6}.Release|Any CPU.ActiveCfg = Release|Any CPU
		{49DF2132-1494-4141-90D0-D606795F27E6}.Release|Any CPU.Build.0 = Release|Any CPU
	EndGlobalSection
	GlobalSection(SolutionProperties) = preSolution
		HideSolutionNode = FALSE
	EndGlobalSection
	GlobalSection(ExtensibilityGlobals) = postSolution
		SolutionGuid = {E868F239-0860-49C0-8170-FB455F846CE5}
	EndGlobalSection
EndGlobal
